
Microsoft Visual Studio Solution File, Format Version 12.00
# Visual Studio Version 17
VisualStudioVersion = 17.4.33213.308
MinimumVisualStudioVersion = 10.0.40219.1
Project("{FAE04EC0-301F-11D3-BF4B-00C04F79EFBC}") = "TpFinal.Consola", "TpFinal.Consola.csproj", "{9A838945-D503-4D97-B7A2-9C541DC4E8CC}"
EndProject
Project("{FAE04EC0-301F-11D3-BF4B-00C04F79EFBC}") = "TpFinal.AccesoDatos", "..\TpFinal.AccesoDatos\TpFinal.AccesoDatos.csproj", "{A6E49D0F-1EBE-46B8-8032-36B48570C782}"
EndProject
Project("{FAE04EC0-301F-11D3-BF4B-00C04F79EFBC}") = "TpFinal.Dominio", "..\TpFinal.Dominio\TpFinal.Dominio.csproj", "{09D448AF-4732-487B-8120-239A1184A49A}"
EndProject
Project("{FAE04EC0-301F-11D3-BF4B-00C04F79EFBC}") = "TpFinal.WebApi", "..\TpFinal.WebApi\TpFinal.WebApi.csproj", "{EE14506E-59AC-4D49-ADCC-E72A2FB487FC}"
EndProject
Global
	GlobalSection(SolutionConfigurationPlatforms) = preSolution
		Debug|Any CPU = Debug|Any CPU
		Release|Any CPU = Release|Any CPU
	EndGlobalSection
	GlobalSection(ProjectConfigurationPlatforms) = postSolution
		{9A838945-D503-4D97-B7A2-9C541DC4E8CC}.Debug|Any CPU.ActiveCfg = Debug|Any CPU
		{9A838945-D503-4D97-B7A2-9C541DC4E8CC}.Debug|Any CPU.Build.0 = Debug|Any CPU
		{9A838945-D503-4D97-B7A2-9C541DC4E8CC}.Release|Any CPU.ActiveCfg = Release|Any CPU
		{9A838945-D503-4D97-B7A2-9C541DC4E8CC}.Release|Any CPU.Build.0 = Release|Any CPU
		{A6E49D0F-1EBE-46B8-8032-36B48570C782}.Debug|Any CPU.ActiveCfg = Debug|Any CPU
		{A6E49D0F-1EBE-46B8-8032-36B48570C782}.Debug|Any CPU.Build.0 = Debug|Any CPU
		{A6E49D0F-1EBE-46B8-8032-36B48570C782}.Release|Any CPU.ActiveCfg = Release|Any CPU
		{A6E49D0F-1EBE-46B8-8032-36B48570C782}.Release|Any CPU.Build.0 = Release|Any CPU
		{09D448AF-4732-487B-8120-239A1184A49A}.Debug|Any CPU.ActiveCfg = Debug|Any CPU
		{09D448AF-4732-487B-8120-239A1184A49A}.Debug|Any CPU.Build.0 = Debug|Any CPU
		{09D448AF-4732-487B-8120-239A1184A49A}.Release|Any CPU.ActiveCfg = Release|Any CPU
		{09D448AF-4732-487B-8120-239A1184A49A}.Release|Any CPU.Build.0 = Release|Any CPU
		{EE14506E-59AC-4D49-ADCC-E72A2FB487FC}.Debug|Any CPU.ActiveCfg = Debug|Any CPU
		{EE14506E-59AC-4D49-ADCC-E72A2FB487FC}.Debug|Any CPU.Build.0 = Debug|Any CPU
		{EE14506E-59AC-4D49-ADCC-E72A2FB487FC}.Release|Any CPU.ActiveCfg = Release|Any CPU
		{EE14506E-59AC-4D49-ADCC-E72A2FB487FC}.Release|Any CPU.Build.0 = Release|Any CPU
	EndGlobalSection
	GlobalSection(SolutionProperties) = preSolution
		HideSolutionNode = FALSE
	EndGlobalSection
	GlobalSection(ExtensibilityGlobals) = postSolution
		SolutionGuid = {B7F0A5A9-B7BF-4C49-9E75-D1BFD82014CF}
	EndGlobalSection
EndGlobal
